
Microsoft Visual Studio Solution File, Format Version 12.00
# Visual Studio Version 17
VisualStudioVersion = 17.5.002.0
MinimumVisualStudioVersion = 10.0.40219.1
Project("{9A19103F-16F7-4668-BE54-9A1E7A4F7556}") = "c#", "c#.csproj", "{52765E95-CCA3-44A8-9B2E-707AD3404241}"
EndProject
Global
	GlobalSection(SolutionConfigurationPlatforms) = preSolution
		Debug|Any CPU = Debug|Any CPU
		Release|Any CPU = Release|Any CPU
	EndGlobalSection
	GlobalSection(ProjectConfigurationPlatforms) = postSolution
		{52765E95-CCA3-44A8-9B2E-707AD3404241}.Debug|Any CPU.ActiveCfg = Debug|Any CPU
		{52765E95-CCA3-44A8-9B2E-707AD3404241}.Debug|Any CPU.Build.0 = Debug|Any CPU
		{52765E95-CCA3-44A8-9B2E-707AD3404241}.Release|Any CPU.ActiveCfg = Release|Any CPU
		{52765E95-CCA3-44A8-9B2E-707AD3404241}.Release|Any CPU.Build.0 = Release|Any CPU
	EndGlobalSection
	GlobalSection(SolutionProperties) = preSolution
		HideSolutionNode = FALSE
	EndGlobalSection
	GlobalSection(ExtensibilityGlobals) = postSolution
		SolutionGuid = {9573F919-08D0-4428-84E7-767509189711}
	EndGlobalSection
EndGlobal
